{
    "_readme": [
        "This file locks the dependencies of your project to a known state",
        "Read more about it at https://getcomposer.org/doc/01-basic-usage.md#installing-dependencies",
        "This file is @generated automatically"
    ],
    "content-hash": "97e48eabbee65716acf37bd03d4a8c1b",
    "packages": [
        {
            "name": "naka1205/phpkoa",
            "version": "v1.8",
            "source": {
                "type": "git",
                "url": "https://github.com/naka1205/phpkoa.git",
                "reference": "83bca1fdc2b521216c048f7408dd5a3b51a90099"
            },
            "dist": {
                "type": "zip",
                "url": "https://api.github.com/repos/naka1205/phpkoa/zipball/83bca1fdc2b521216c048f7408dd5a3b51a90099",
                "reference": "83bca1fdc2b521216c048f7408dd5a3b51a90099",
                "shasum": ""
            },
            "require": {
                "naka1205/phpkoa_static": "^1.1",
                "naka1205/phpsocket": "^1.8",
                "php": ">=5.4"
            },
            "type": "library",
            "autoload": {
                "psr-4": {
                    "Naka507\\Koa\\": "src/"
                },
                "files": [
                    "src/functions.php"
                ]
            },
            "notification-url": "https://packagist.org/downloads/",
            "license": [
                "MIT"
            ],
            "authors": [
                {
                    "name": "naka507",
                    "email": "171453643@qq.com"
                }
            ],
            "description": "php koa",
            "time": "2018-12-26T13:27:08+00:00"
        },
        {
            "name": "naka1205/phpkoa_static",
            "version": "v1.1",
            "source": {
                "type": "git",
                "url": "https://github.com/naka1205/phpkoa_static.git",
                "reference": "e70a562e6e49dff9cd1c1c6d8d54e633e339115b"
            },
            "dist": {
                "type": "zip",
                "url": "https://api.github.com/repos/naka1205/phpkoa_static/zipball/e70a562e6e49dff9cd1c1c6d8d54e633e339115b",
                "reference": "e70a562e6e49dff9cd1c1c6d8d54e633e339115b",
                "shasum": ""
            },
            "require": {
                "php": ">=5.4"
            },
            "type": "library",
            "autoload": {
                "psr-4": {
                    "Naka507\\Koa\\": "src/"
                }
            },
            "notification-url": "https://packagist.org/downloads/",
            "authors": [
                {
                    "name": "naka507",
                    "email": "171453643@qq.com"
                }
            ],
            "description": "phpkoa static",
            "time": "2018-12-25T14:04:30+00:00"
        },
        {
            "name": "naka1205/phpsocket",
            "version": "v1.9",
            "source": {
                "type": "git",
                "url": "https://github.com/naka1205/phpsocket.git",
                "reference": "05a5490531170c946fede66635feda77f21801a0"
            },
            "dist": {
                "type": "zip",
                "url": "https://api.github.com/repos/naka1205/phpsocket/zipball/05a5490531170c946fede66635feda77f21801a0",
                "reference": "05a5490531170c946fede66635feda77f21801a0",
                "shasum": ""
            },
            "require": {
                "php": ">=5.3"
            },
            "type": "library",
            "autoload": {
                "psr-4": {
                    "Naka507\\Socket\\": "src/"
                }
            },
            "notification-url": "https://packagist.org/downloads/",
            "license": [
                "MIT"
            ],
            "authors": [
                {
                    "name": "naka507",
                    "email": "171453643@qq.com"
                }
            ],
            "description": "php socket",
            "time": "2018-12-29T03:25:18+00:00"
        },
        {
            "name": "topthink/think-orm",
            "version": "v1.2.15",
            "source": {
                "type": "git",
                "url": "https://github.com/top-think/think-orm.git",
                "reference": "cea914089abe31256a52ae90b16680ad4ca4f1bd"
            },
            "dist": {
                "type": "zip",
                "url": "https://api.github.com/repos/top-think/think-orm/zipball/cea914089abe31256a52ae90b16680ad4ca4f1bd",
                "reference": "cea914089abe31256a52ae90b16680ad4ca4f1bd",
                "shasum": ""
            },
            "require": {
                "php": ">=5.6.0"
            },
            "type": "library",
            "autoload": {
                "psr-4": {
                    "think\\": "src"
                },
                "files": [
                    "src/config.php"
                ]
            },
            "notification-url": "https://packagist.org/downloads/",
            "license": [
                "Apache-2.0"
            ],
            "authors": [
                {
                    "name": "liu21st",
                    "email": "liu21st@gmail.com"
                }
            ],
            "description": "think orm",
            "time": "2018-12-25T06:27:02+00:00"
        }
    ],
    "packages-dev": [],
    "aliases": [],
    "minimum-stability": "stable",
    "stability-flags": [],
    "prefer-stable": false,
    "prefer-lowest": false,
    "platform": [],
    "platform-dev": []
}
