{
    "_readme": [
        "This file locks the dependencies of your project to a known state",
        "Read more about it at https://getcomposer.org/doc/01-basic-usage.md#installing-dependencies",
        "This file is @generated automatically"
    ],
    "content-hash": "4029db9b56b8b68f6fa951ebcd65f3ec",
    "packages": [
        {
            "name": "naka1205/phpkoa",
            "version": "v1.8",
            "source": {
                "type": "git",
                "url": "https://github.com/naka1205/phpkoa.git",
                "reference": "893a327be646a6771ee1821c9c7b8fb47cce1949"
            },
            "dist": {
                "type": "zip",
                "url": "https://api.github.com/repos/naka1205/phpkoa/zipball/893a327be646a6771ee1821c9c7b8fb47cce1949",
                "reference": "893a327be646a6771ee1821c9c7b8fb47cce1949",
                "shasum": ""
            },
            "require": {
                "naka1205/phpkoa_static": "^1.1",
                "naka1205/phpsocket": "^1.8",
                "php": ">=5.4"
            },
            "type": "library",
            "autoload": {
                "psr-4": {
                    "Naka507\\Koa\\": "src/"
                },
                "files": [
                    "src/functions.php"
                ]
            },
            "notification-url": "https://packagist.org/downloads/",
            "license": [
                "MIT"
            ],
            "authors": [
                {
                    "name": "naka507",
                    "email": "171453643@qq.com"
                }
            ],
            "description": "php koa",
            "time": "2018-12-26T13:27:08+00:00"
        },
        {
            "name": "naka1205/phpkoa_static",
            "version": "v1.1",
            "source": {
                "type": "git",
                "url": "https://github.com/naka1205/phpkoa_static.git",
                "reference": "e70a562e6e49dff9cd1c1c6d8d54e633e339115b"
            },
            "dist": {
                "type": "zip",
                "url": "https://api.github.com/repos/naka1205/phpkoa_static/zipball/e70a562e6e49dff9cd1c1c6d8d54e633e339115b",
                "reference": "e70a562e6e49dff9cd1c1c6d8d54e633e339115b",
                "shasum": ""
            },
            "require": {
                "php": ">=5.4"
            },
            "type": "library",
            "autoload": {
                "psr-4": {
                    "Naka507\\Koa\\": "src/"
                }
            },
            "notification-url": "https://packagist.org/downloads/",
            "authors": [
                {
                    "name": "naka507",
                    "email": "171453643@qq.com"
                }
            ],
            "description": "phpkoa static",
            "time": "2018-12-25T14:04:30+00:00"
        },
        {
            "name": "naka1205/phpsocket",
            "version": "v1.8",
            "source": {
                "type": "git",
                "url": "https://github.com/naka1205/phpsocket.git",
                "reference": "409ef2a5a5e2a334a666968bd5994c8bf3d957b0"
            },
            "dist": {
                "type": "zip",
                "url": "https://api.github.com/repos/naka1205/phpsocket/zipball/409ef2a5a5e2a334a666968bd5994c8bf3d957b0",
                "reference": "409ef2a5a5e2a334a666968bd5994c8bf3d957b0",
                "shasum": ""
            },
            "require": {
                "php": ">=5.3"
            },
            "type": "library",
            "autoload": {
                "psr-4": {
                    "Naka507\\Socket\\": "src/"
                }
            },
            "notification-url": "https://packagist.org/downloads/",
            "license": [
                "MIT"
            ],
            "authors": [
                {
                    "name": "naka507",
                    "email": "171453643@qq.com"
                }
            ],
            "description": "php socket",
            "time": "2018-12-26T13:00:13+00:00"
        }
    ],
    "packages-dev": [],
    "aliases": [],
    "minimum-stability": "stable",
    "stability-flags": [],
    "prefer-stable": false,
    "prefer-lowest": false,
    "platform": [],
    "platform-dev": []
}
